
Microsoft Visual Studio Solution File, Format Version 12.00
# Visual Studio Version 16
VisualStudioVersion = 16.0.30611.23
MinimumVisualStudioVersion = 10.0.40219.1
Project("{FAE04EC0-301F-11D3-BF4B-00C04F79EFBC}") = "Tarefa_Exercicio_2", "Tarefa_Exercicio_2.csproj", "{A07205DF-244F-4335-B4AA-D6797FCED736}"
EndProject
Global
	GlobalSection(SolutionConfigurationPlatforms) = preSolution
		Debug|Any CPU = Debug|Any CPU
		Release|Any CPU = Release|Any CPU
	EndGlobalSection
	GlobalSection(ProjectConfigurationPlatforms) = postSolution
		{A07205DF-244F-4335-B4AA-D6797FCED736}.Debug|Any CPU.ActiveCfg = Debug|Any CPU
		{A07205DF-244F-4335-B4AA-D6797FCED736}.Debug|Any CPU.Build.0 = Debug|Any CPU
		{A07205DF-244F-4335-B4AA-D6797FCED736}.Release|Any CPU.ActiveCfg = Release|Any CPU
		{A07205DF-244F-4335-B4AA-D6797FCED736}.Release|Any CPU.Build.0 = Release|Any CPU
	EndGlobalSection
	GlobalSection(SolutionProperties) = preSolution
		HideSolutionNode = FALSE
	EndGlobalSection
	GlobalSection(ExtensibilityGlobals) = postSolution
		SolutionGuid = {174CA1EC-3402-4EC0-BCD4-B5499ECC69F9}
	EndGlobalSection
EndGlobal
